
Microsoft Visual Studio Solution File, Format Version 12.00
# Visual Studio Version 17
VisualStudioVersion = 17.9.34728.123
MinimumVisualStudioVersion = 10.0.40219.1
Project("{9A19103F-16F7-4668-BE54-9A1E7A4F7556}") = "Task_2", "Task_2\Task_2.csproj", "{77A4FE44-D32C-491A-84C4-91A6F774E3E5}"
EndProject
Project("{FAE04EC0-301F-11D3-BF4B-00C04F79EFBC}") = "Task_2_UnitTests", "Task_2_UnitTests\Task_2_UnitTests.csproj", "{BAAA4A41-AC40-4096-86E3-B7C8773C74FD}"
EndProject
Global
	GlobalSection(SolutionConfigurationPlatforms) = preSolution
		Debug|Any CPU = Debug|Any CPU
		Release|Any CPU = Release|Any CPU
	EndGlobalSection
	GlobalSection(ProjectConfigurationPlatforms) = postSolution
		{77A4FE44-D32C-491A-84C4-91A6F774E3E5}.Debug|Any CPU.ActiveCfg = Debug|Any CPU
		{77A4FE44-D32C-491A-84C4-91A6F774E3E5}.Debug|Any CPU.Build.0 = Debug|Any CPU
		{77A4FE44-D32C-491A-84C4-91A6F774E3E5}.Release|Any CPU.ActiveCfg = Release|Any CPU
		{77A4FE44-D32C-491A-84C4-91A6F774E3E5}.Release|Any CPU.Build.0 = Release|Any CPU
		{BAAA4A41-AC40-4096-86E3-B7C8773C74FD}.Debug|Any CPU.ActiveCfg = Debug|Any CPU
		{BAAA4A41-AC40-4096-86E3-B7C8773C74FD}.Debug|Any CPU.Build.0 = Debug|Any CPU
		{BAAA4A41-AC40-4096-86E3-B7C8773C74FD}.Release|Any CPU.ActiveCfg = Release|Any CPU
		{BAAA4A41-AC40-4096-86E3-B7C8773C74FD}.Release|Any CPU.Build.0 = Release|Any CPU
	EndGlobalSection
	GlobalSection(SolutionProperties) = preSolution
		HideSolutionNode = FALSE
	EndGlobalSection
	GlobalSection(ExtensibilityGlobals) = postSolution
		SolutionGuid = {5E4B4D6A-2575-4BAD-A9BA-7EE50A1DFF76}
	EndGlobalSection
EndGlobal
